<Solution>
  <Folder Name="/src/">
    <Project Path="src/CnabRetorno.Common/CnabRetorno.Common.csproj" />
    <Project Path="src/CnabRetorno.Core/CnabRetorno.Core.csproj" />
    <Project Path="src/CnabRetorno.RetornoCron.Worker/CnabRetorno.RetornoCron.Worker.csproj" />
    <Project Path="src/CnabRetorno.RetornoSubscriber.Worker/CnabRetorno.RetornoSubscriber.Worker.csproj" />
  </Folder>
  <Folder Name="/tests/">
    <Project Path="tests/CnabRetorno.Tests/CnabRetorno.Tests.csproj" />
  </Folder>
</Solution>
