<Solution>
  <Folder Name="/src/">
    <Project Path="src/CnabRetorno.Common/CnabRetorno.Common.csproj" />
    <Project Path="src/CnabRetorno.Core/CnabRetorno.Core.csproj" />
    <Project Path="src/CnabRetorno.ExcelCnab.Worker/CnabRetorno.ExcelCnab.Worker.csproj" />
  </Folder>
  <Folder Name="/tests/">
    <Project Path="tests/CnabRetorno.Tests/CnabRetorno.Tests.csproj" />
  </Folder>
</Solution>
